
Microsoft Visual Studio Solution File, Format Version 12.00
# Visual Studio Version 17
VisualStudioVersion = 17.0.32112.339
MinimumVisualStudioVersion = 10.0.40219.1
Project("{9A19103F-16F7-4668-BE54-9A1E7A4F7556}") = "Doom", "Doom.csproj", "{92444578-361B-443E-AF13-55787ECA430B}"
EndProject
Project("{9A19103F-16F7-4668-BE54-9A1E7A4F7556}") = "mmDoomLib", "..\..\mmDoomLib\mmDoomLib\mmDoomLib\mmDoomLib.csproj", "{BA61ECD1-BC85-4461-9FAE-302789CAD45D}"
EndProject
Global
	GlobalSection(SolutionConfigurationPlatforms) = preSolution
		Debug|Any CPU = Debug|Any CPU
		Release|Any CPU = Release|Any CPU
	EndGlobalSection
	GlobalSection(ProjectConfigurationPlatforms) = postSolution
		{92444578-361B-443E-AF13-55787ECA430B}.Debug|Any CPU.ActiveCfg = Debug|Any CPU
		{92444578-361B-443E-AF13-55787ECA430B}.Debug|Any CPU.Build.0 = Debug|Any CPU
		{92444578-361B-443E-AF13-55787ECA430B}.Release|Any CPU.ActiveCfg = Release|Any CPU
		{92444578-361B-443E-AF13-55787ECA430B}.Release|Any CPU.Build.0 = Release|Any CPU
		{BA61ECD1-BC85-4461-9FAE-302789CAD45D}.Debug|Any CPU.ActiveCfg = Debug|Any CPU
		{BA61ECD1-BC85-4461-9FAE-302789CAD45D}.Debug|Any CPU.Build.0 = Debug|Any CPU
		{BA61ECD1-BC85-4461-9FAE-302789CAD45D}.Release|Any CPU.ActiveCfg = Release|Any CPU
		{BA61ECD1-BC85-4461-9FAE-302789CAD45D}.Release|Any CPU.Build.0 = Release|Any CPU
	EndGlobalSection
	GlobalSection(SolutionProperties) = preSolution
		HideSolutionNode = FALSE
	EndGlobalSection
	GlobalSection(ExtensibilityGlobals) = postSolution
		SolutionGuid = {777D295B-5016-4686-BFC7-32DF72FD2384}
	EndGlobalSection
EndGlobal
